
Microsoft Visual Studio Solution File, Format Version 12.00
# Visual Studio Version 17
VisualStudioVersion = 17.13.35931.197 d17.13
MinimumVisualStudioVersion = 10.0.40219.1
Project("{FAE04EC0-301F-11D3-BF4B-00C04F79EFBC}") = "ProniaOneToManyFileCRUD", "ProniaOneToManyFileCRUD\ProniaOneToManyFileCRUD.csproj", "{7C0D266C-3386-4CF6-8AF3-B68185DBEA43}"
EndProject
Global
	GlobalSection(SolutionConfigurationPlatforms) = preSolution
		Debug|Any CPU = Debug|Any CPU
		Release|Any CPU = Release|Any CPU
	EndGlobalSection
	GlobalSection(ProjectConfigurationPlatforms) = postSolution
		{7C0D266C-3386-4CF6-8AF3-B68185DBEA43}.Debug|Any CPU.ActiveCfg = Debug|Any CPU
		{7C0D266C-3386-4CF6-8AF3-B68185DBEA43}.Debug|Any CPU.Build.0 = Debug|Any CPU
		{7C0D266C-3386-4CF6-8AF3-B68185DBEA43}.Release|Any CPU.ActiveCfg = Release|Any CPU
		{7C0D266C-3386-4CF6-8AF3-B68185DBEA43}.Release|Any CPU.Build.0 = Release|Any CPU
	EndGlobalSection
	GlobalSection(SolutionProperties) = preSolution
		HideSolutionNode = FALSE
	EndGlobalSection
	GlobalSection(ExtensibilityGlobals) = postSolution
		SolutionGuid = {38F28B94-BD85-421D-9950-650DF861AAE1}
	EndGlobalSection
EndGlobal
